
Microsoft Visual Studio Solution File, Format Version 12.00
# Visual Studio Version 17
VisualStudioVersion = 17.12.35707.178
MinimumVisualStudioVersion = 10.0.40219.1
Project("{FAE04EC0-301F-11D3-BF4B-00C04F79EFBC}") = "PGISLauncher", "PGISLauncher\PGISLauncher.csproj", "{2C4560F1-1C4A-4888-868C-FC46968A4BC7}"
EndProject
Project("{FAE04EC0-301F-11D3-BF4B-00C04F79EFBC}") = "Model", "Model\Model.csproj", "{8B24DA99-DE24-47FC-AFCB-1306C9C6C11B}"
EndProject
Project("{FAE04EC0-301F-11D3-BF4B-00C04F79EFBC}") = "Helpers", "Helpers\Helpers.csproj", "{9E655A16-3B33-42F8-9579-CDF12833016F}"
EndProject
Global
	GlobalSection(SolutionConfigurationPlatforms) = preSolution
		Debug|Any CPU = Debug|Any CPU
		Release|Any CPU = Release|Any CPU
	EndGlobalSection
	GlobalSection(ProjectConfigurationPlatforms) = postSolution
		{2C4560F1-1C4A-4888-868C-FC46968A4BC7}.Debug|Any CPU.ActiveCfg = Debug|Any CPU
		{2C4560F1-1C4A-4888-868C-FC46968A4BC7}.Debug|Any CPU.Build.0 = Debug|Any CPU
		{2C4560F1-1C4A-4888-868C-FC46968A4BC7}.Release|Any CPU.ActiveCfg = Release|Any CPU
		{2C4560F1-1C4A-4888-868C-FC46968A4BC7}.Release|Any CPU.Build.0 = Release|Any CPU
		{8B24DA99-DE24-47FC-AFCB-1306C9C6C11B}.Debug|Any CPU.ActiveCfg = Debug|Any CPU
		{8B24DA99-DE24-47FC-AFCB-1306C9C6C11B}.Debug|Any CPU.Build.0 = Debug|Any CPU
		{8B24DA99-DE24-47FC-AFCB-1306C9C6C11B}.Release|Any CPU.ActiveCfg = Release|Any CPU
		{8B24DA99-DE24-47FC-AFCB-1306C9C6C11B}.Release|Any CPU.Build.0 = Release|Any CPU
		{9E655A16-3B33-42F8-9579-CDF12833016F}.Debug|Any CPU.ActiveCfg = Debug|Any CPU
		{9E655A16-3B33-42F8-9579-CDF12833016F}.Debug|Any CPU.Build.0 = Debug|Any CPU
		{9E655A16-3B33-42F8-9579-CDF12833016F}.Release|Any CPU.ActiveCfg = Release|Any CPU
		{9E655A16-3B33-42F8-9579-CDF12833016F}.Release|Any CPU.Build.0 = Release|Any CPU
	EndGlobalSection
	GlobalSection(SolutionProperties) = preSolution
		HideSolutionNode = FALSE
	EndGlobalSection
EndGlobal
